// !$*UTF8*$!
{
	archiveVersion = 1;
	classes = {
	};
	objectVersion = 46;
	objects = {

/* Begin PBXBuildFile section */
		04FB5F611E03845500228FD9 /* main.m in Sources */ = {isa = PBXBuildFile; fileRef = 04FB5F601E03845500228FD9 /* main.m */; };
		04FB5F641E03845500228FD9 /* AppDelegate.m in Sources */ = {isa = PBXBuildFile; fileRef = 04FB5F631E03845500228FD9 /* AppDelegate.m */; };
		04FB5F671E03845500228FD9 /* ViewController.m in Sources */ = {isa = PBXBuildFile; fileRef = 04FB5F661E03845500228FD9 /* ViewController.m */; };
		04FB5F6A1E03845500228FD9 /* Main.storyboard in Resources */ = {isa = PBXBuildFile; fileRef = 04FB5F681E03845500228FD9 /* Main.storyboard */; };
		04FB5F6C1E03845500228FD9 /* Assets.xcassets in Resources */ = {isa = PBXBuildFile; fileRef = 04FB5F6B1E03845500228FD9 /* Assets.xcassets */; };
		04FB5F6F1E03845500228FD9 /* LaunchScreen.storyboard in Resources */ = {isa = PBXBuildFile; fileRef = 04FB5F6D1E03845500228FD9 /* LaunchScreen.storyboard */; };
		04FB5F7B1E0385CE00228FD9 /* RegexKitLite.m in Sources */ = {isa = PBXBuildFile; fileRef = 04FB5F791E0385CE00228FD9 /* RegexKitLite.m */; settings = {COMPILER_FLAGS = "-fno-objc-arc"; }; };
		04FB5F7E1E0386A500228FD9 /* libicucore.tbd in Frameworks */ = {isa = PBXBuildFile; fileRef = 04FB5F7D1E0386A500228FD9 /* libicucore.tbd */; };
		04FB5F8B1E03C89200228FD9 /* NSMutableString+TagReplace.m in Sources */ = {isa = PBXBuildFile; fileRef = 04FB5F811E03C89200228FD9 /* NSMutableString+TagReplace.m */; };
		04FB5F8C1E03C89200228FD9 /* NSString+WPAttributedMarkup.m in Sources */ = {isa = PBXBuildFile; fileRef = 04FB5F831E03C89200228FD9 /* NSString+WPAttributedMarkup.m */; };
		04FB5F8D1E03C89200228FD9 /* WPAttributedStyleAction.m in Sources */ = {isa = PBXBuildFile; fileRef = 04FB5F851E03C89200228FD9 /* WPAttributedStyleAction.m */; };
		04FB5F8E1E03C89200228FD9 /* WPHotspotLabel.m in Sources */ = {isa = PBXBuildFile; fileRef = 04FB5F871E03C89200228FD9 /* WPHotspotLabel.m */; };
		04FB5F8F1E03C89200228FD9 /* WPTappableLabel.m in Sources */ = {isa = PBXBuildFile; fileRef = 04FB5F8A1E03C89200228FD9 /* WPTappableLabel.m */; };
/* End PBXBuildFile section */

/* Begin PBXFileReference section */
		04FB5F5C1E03845500228FD9 /* Regular.app */ = {isa = PBXFileReference; explicitFileType = wrapper.application; includeInIndex = 0; path = Regular.app; sourceTree = BUILT_PRODUCTS_DIR; };
		04FB5F601E03845500228FD9 /* main.m */ = {isa = PBXFileReference; lastKnownFileType = sourcecode.c.objc; path = main.m; sourceTree = "<group>"; };
		04FB5F621E03845500228FD9 /* AppDelegate.h */ = {isa = PBXFileReference; lastKnownFileType = sourcecode.c.h; path = AppDelegate.h; sourceTree = "<group>"; };
		04FB5F631E03845500228FD9 /* AppDelegate.m */ = {isa = PBXFileReference; lastKnownFileType = sourcecode.c.objc; path = AppDelegate.m; sourceTree = "<group>"; };
		04FB5F651E03845500228FD9 /* ViewController.h */ = {isa = PBXFileReference; lastKnownFileType = sourcecode.c.h; path = ViewController.h; sourceTree = "<group>"; };
		04FB5F661E03845500228FD9 /* ViewController.m */ = {isa = PBXFileReference; lastKnownFileType = sourcecode.c.objc; path = ViewController.m; sourceTree = "<group>"; };
		04FB5F691E03845500228FD9 /* Base */ = {isa = PBXFileReference; lastKnownFileType = file.storyboard; name = Base; path = Base.lproj/Main.storyboard; sourceTree = "<group>"; };
		04FB5F6B1E03845500228FD9 /* Assets.xcassets */ = {isa = PBXFileReference; lastKnownFileType = folder.assetcatalog; path = Assets.xcassets; sourceTree = "<group>"; };
		04FB5F6E1E03845500228FD9 /* Base */ = {isa = PBXFileReference; lastKnownFileType = file.storyboard; name = Base; path = Base.lproj/LaunchScreen.storyboard; sourceTree = "<group>"; };
		04FB5F701E03845500228FD9 /* Info.plist */ = {isa = PBXFileReference; lastKnownFileType = text.plist.xml; path = Info.plist; sourceTree = "<group>"; };
		04FB5F771E0385CE00228FD9 /* RegexKitLite.h */ = {isa = PBXFileReference; fileEncoding = 4; lastKnownFileType = sourcecode.c.h; path = RegexKitLite.h; sourceTree = "<group>"; };
		04FB5F791E0385CE00228FD9 /* RegexKitLite.m */ = {isa = PBXFileReference; fileEncoding = 4; lastKnownFileType = sourcecode.c.objc; path = RegexKitLite.m; sourceTree = "<group>"; };
		04FB5F7D1E0386A500228FD9 /* libicucore.tbd */ = {isa = PBXFileReference; lastKnownFileType = "sourcecode.text-based-dylib-definition"; name = libicucore.tbd; path = usr/lib/libicucore.tbd; sourceTree = SDKROOT; };
		04FB5F801E03C89200228FD9 /* NSMutableString+TagReplace.h */ = {isa = PBXFileReference; fileEncoding = 4; lastKnownFileType = sourcecode.c.h; path = "NSMutableString+TagReplace.h"; sourceTree = "<group>"; };
		04FB5F811E03C89200228FD9 /* NSMutableString+TagReplace.m */ = {isa = PBXFileReference; fileEncoding = 4; lastKnownFileType = sourcecode.c.objc; path = "NSMutableString+TagReplace.m"; sourceTree = "<group>"; };
		04FB5F821E03C89200228FD9 /* NSString+WPAttributedMarkup.h */ = {isa = PBXFileReference; fileEncoding = 4; lastKnownFileType = sourcecode.c.h; path = "NSString+WPAttributedMarkup.h"; sourceTree = "<group>"; };
		04FB5F831E03C89200228FD9 /* NSString+WPAttributedMarkup.m */ = {isa = PBXFileReference; fileEncoding = 4; lastKnownFileType = sourcecode.c.objc; path = "NSString+WPAttributedMarkup.m"; sourceTree = "<group>"; };
		04FB5F841E03C89200228FD9 /* WPAttributedStyleAction.h */ = {isa = PBXFileReference; fileEncoding = 4; lastKnownFileType = sourcecode.c.h; path = WPAttributedStyleAction.h; sourceTree = "<group>"; };
		04FB5F851E03C89200228FD9 /* WPAttributedStyleAction.m */ = {isa = PBXFileReference; fileEncoding = 4; lastKnownFileType = sourcecode.c.objc; path = WPAttributedStyleAction.m; sourceTree = "<group>"; };
		04FB5F861E03C89200228FD9 /* WPHotspotLabel.h */ = {isa = PBXFileReference; fileEncoding = 4; lastKnownFileType = sourcecode.c.h; path = WPHotspotLabel.h; sourceTree = "<group>"; };
		04FB5F871E03C89200228FD9 /* WPHotspotLabel.m */ = {isa = PBXFileReference; fileEncoding = 4; lastKnownFileType = sourcecode.c.objc; path = WPHotspotLabel.m; sourceTree = "<group>"; };
		04FB5F881E03C89200228FD9 /* WPLabel.h */ = {isa = PBXFileReference; fileEncoding = 4; lastKnownFileType = sourcecode.c.h; path = WPLabel.h; sourceTree = "<group>"; };
		04FB5F891E03C89200228FD9 /* WPTappableLabel.h */ = {isa = PBXFileReference; fileEncoding = 4; lastKnownFileType = sourcecode.c.h; path = WPTappableLabel.h; sourceTree = "<group>"; };
		04FB5F8A1E03C89200228FD9 /* WPTappableLabel.m */ = {isa = PBXFileReference; fileEncoding = 4; lastKnownFileType = sourcecode.c.objc; path = WPTappableLabel.m; sourceTree = "<group>"; };
/* End PBXFileReference section */

/* Begin PBXFrameworksBuildPhase section */
		04FB5F591E03845500228FD9 /* Frameworks */ = {
			isa = PBXFrameworksBuildPhase;
			buildActionMask = 2147483647;
			files = (
				04FB5F7E1E0386A500228FD9 /* libicucore.tbd in Frameworks */,
			);
			runOnlyForDeploymentPostprocessing = 0;
		};
/* End PBXFrameworksBuildPhase section */

/* Begin PBXGroup section */
		04FB5F531E03845500228FD9 = {
			isa = PBXGroup;
			children = (
				04FB5F5E1E03845500228FD9 /* Regular */,
				04FB5F5D1E03845500228FD9 /* Products */,
				04FB5F7C1E0386A400228FD9 /* Frameworks */,
			);
			sourceTree = "<group>";
		};
		04FB5F5D1E03845500228FD9 /* Products */ = {
			isa = PBXGroup;
			children = (
				04FB5F5C1E03845500228FD9 /* Regular.app */,
			);
			name = Products;
			sourceTree = "<group>";
		};
		04FB5F5E1E03845500228FD9 /* Regular */ = {
			isa = PBXGroup;
			children = (
				04FB5F7F1E03C89200228FD9 /* myLabel */,
				04FB5F761E0385CE00228FD9 /* RegexKitLite */,
				04FB5F621E03845500228FD9 /* AppDelegate.h */,
				04FB5F631E03845500228FD9 /* AppDelegate.m */,
				04FB5F651E03845500228FD9 /* ViewController.h */,
				04FB5F661E03845500228FD9 /* ViewController.m */,
				04FB5F681E03845500228FD9 /* Main.storyboard */,
				04FB5F6B1E03845500228FD9 /* Assets.xcassets */,
				04FB5F6D1E03845500228FD9 /* LaunchScreen.storyboard */,
				04FB5F701E03845500228FD9 /* Info.plist */,
				04FB5F5F1E03845500228FD9 /* Supporting Files */,
			);
			path = Regular;
			sourceTree = "<group>";
		};
		04FB5F5F1E03845500228FD9 /* Supporting Files */ = {
			isa = PBXGroup;
			children = (
				04FB5F601E03845500228FD9 /* main.m */,
			);
			name = "Supporting Files";
			sourceTree = "<group>";
		};
		04FB5F761E0385CE00228FD9 /* RegexKitLite */ = {
			isa = PBXGroup;
			children = (
				04FB5F771E0385CE00228FD9 /* RegexKitLite.h */,
				04FB5F791E0385CE00228FD9 /* RegexKitLite.m */,
			);
			path = RegexKitLite;
			sourceTree = "<group>";
		};
		04FB5F7C1E0386A400228FD9 /* Frameworks */ = {
			isa = PBXGroup;
			children = (
				04FB5F7D1E0386A500228FD9 /* libicucore.tbd */,
			);
			name = Frameworks;
			sourceTree = "<group>";
		};
		04FB5F7F1E03C89200228FD9 /* myLabel */ = {
			isa = PBXGroup;
			children = (
				04FB5F801E03C89200228FD9 /* NSMutableString+TagReplace.h */,
				04FB5F811E03C89200228FD9 /* NSMutableString+TagReplace.m */,
				04FB5F821E03C89200228FD9 /* NSString+WPAttributedMarkup.h */,
				04FB5F831E03C89200228FD9 /* NSString+WPAttributedMarkup.m */,
				04FB5F841E03C89200228FD9 /* WPAttributedStyleAction.h */,
				04FB5F851E03C89200228FD9 /* WPAttributedStyleAction.m */,
				04FB5F861E03C89200228FD9 /* WPHotspotLabel.h */,
				04FB5F871E03C89200228FD9 /* WPHotspotLabel.m */,
				04FB5F881E03C89200228FD9 /* WPLabel.h */,
				04FB5F891E03C89200228FD9 /* WPTappableLabel.h */,
				04FB5F8A1E03C89200228FD9 /* WPTappableLabel.m */,
			);
			path = myLabel;
			sourceTree = "<group>";
		};
/* End PBXGroup section */

/* Begin PBXNativeTarget section */
		04FB5F5B1E03845500228FD9 /* Regular */ = {
			isa = PBXNativeTarget;
			buildConfigurationList = 04FB5F731E03845500228FD9 /* Build configuration list for PBXNativeTarget "Regular" */;
			buildPhases = (
				04FB5F581E03845500228FD9 /* Sources */,
				04FB5F591E03845500228FD9 /* Frameworks */,
				04FB5F5A1E03845500228FD9 /* Resources */,
			);
			buildRules = (
			);
			dependencies = (
			);
			name = Regular;
			productName = Regular;
			productReference = 04FB5F5C1E03845500228FD9 /* Regular.app */;
			productType = "com.apple.product-type.application";
		};
/* End PBXNativeTarget section */

/* Begin PBXProject section */
		04FB5F541E03845500228FD9 /* Project object */ = {
			isa = PBXProject;
			attributes = {
				LastUpgradeCheck = 0810;
				ORGANIZATIONNAME = CYC;
				TargetAttributes = {
					04FB5F5B1E03845500228FD9 = {
						CreatedOnToolsVersion = 8.1;
						DevelopmentTeam = V298BW98S4;
						ProvisioningStyle = Automatic;
					};
				};
			};
			buildConfigurationList = 04FB5F571E03845500228FD9 /* Build configuration list for PBXProject "Regular" */;
			compatibilityVersion = "Xcode 3.2";
			developmentRegion = English;
			hasScannedForEncodings = 0;
			knownRegions = (
				en,
				Base,
			);
			mainGroup = 04FB5F531E03845500228FD9;
			productRefGroup = 04FB5F5D1E03845500228FD9 /* Products */;
			projectDirPath = "";
			projectRoot = "";
			targets = (
				04FB5F5B1E03845500228FD9 /* Regular */,
			);
		};
/* End PBXProject section */

/* Begin PBXResourcesBuildPhase section */
		04FB5F5A1E03845500228FD9 /* Resources */ = {
			isa = PBXResourcesBuildPhase;
			buildActionMask = 2147483647;
			files = (
				04FB5F6F1E03845500228FD9 /* LaunchScreen.storyboard in Resources */,
				04FB5F6C1E03845500228FD9 /* Assets.xcassets in Resources */,
				04FB5F6A1E03845500228FD9 /* Main.storyboard in Resources */,
			);
			runOnlyForDeploymentPostprocessing = 0;
		};
/* End PBXResourcesBuildPhase section */

/* Begin PBXSourcesBuildPhase section */
		04FB5F581E03845500228FD9 /* Sources */ = {
			isa = PBXSourcesBuildPhase;
			buildActionMask = 2147483647;
			files = (
				04FB5F8C1E03C89200228FD9 /* NSString+WPAttributedMarkup.m in Sources */,
				04FB5F8F1E03C89200228FD9 /* WPTappableLabel.m in Sources */,
				04FB5F8B1E03C89200228FD9 /* NSMutableString+TagReplace.m in Sources */,
				04FB5F8D1E03C89200228FD9 /* WPAttributedStyleAction.m in Sources */,
				04FB5F8E1E03C89200228FD9 /* WPHotspotLabel.m in Sources */,
				04FB5F671E03845500228FD9 /* ViewController.m in Sources */,
				04FB5F641E03845500228FD9 /* AppDelegate.m in Sources */,
				04FB5F7B1E0385CE00228FD9 /* RegexKitLite.m in Sources */,
				04FB5F611E03845500228FD9 /* main.m in Sources */,
			);
			runOnlyForDeploymentPostprocessing = 0;
		};
/* End PBXSourcesBuildPhase section */

/* Begin PBXVariantGroup section */
		04FB5F681E03845500228FD9 /* Main.storyboard */ = {
			isa = PBXVariantGroup;
			children = (
				04FB5F691E03845500228FD9 /* Base */,
			);
			name = Main.storyboard;
			sourceTree = "<group>";
		};
		04FB5F6D1E03845500228FD9 /* LaunchScreen.storyboard */ = {
			isa = PBXVariantGroup;
			children = (
				04FB5F6E1E03845500228FD9 /* Base */,
			);
			name = LaunchScreen.storyboard;
			sourceTree = "<group>";
		};
/* End PBXVariantGroup section */

/* Begin XCBuildConfiguration section */
		04FB5F711E03845500228FD9 /* Debug */ = {
			isa = XCBuildConfiguration;
			buildSettings = {
				ALWAYS_SEARCH_USER_PATHS = NO;
				CLANG_ANALYZER_NONNULL = YES;
				CLANG_CXX_LANGUAGE_STANDARD = "gnu++0x";
				CLANG_CXX_LIBRARY = "libc++";
				CLANG_ENABLE_MODULES = YES;
				CLANG_ENABLE_OBJC_ARC = YES;
				CLANG_WARN_BOOL_CONVERSION = YES;
				CLANG_WARN_CONSTANT_CONVERSION = YES;
				CLANG_WARN_DIRECT_OBJC_ISA_USAGE = YES_ERROR;
				CLANG_WARN_DOCUMENTATION_COMMENTS = YES;
				CLANG_WARN_EMPTY_BODY = YES;
				CLANG_WARN_ENUM_CONVERSION = YES;
				CLANG_WARN_INFINITE_RECURSION = YES;
				CLANG_WARN_INT_CONVERSION = YES;
				CLANG_WARN_OBJC_ROOT_CLASS = YES_ERROR;
				CLANG_WARN_SUSPICIOUS_MOVES = YES;
				CLANG_WARN_UNREACHABLE_CODE = YES;
				CLANG_WARN__DUPLICATE_METHOD_MATCH = YES;
				"CODE_SIGN_IDENTITY[sdk=iphoneos*]" = "iPhone Developer";
				COPY_PHASE_STRIP = NO;
				DEBUG_INFORMATION_FORMAT = dwarf;
				ENABLE_STRICT_OBJC_MSGSEND = YES;
				ENABLE_TESTABILITY = YES;
				GCC_C_LANGUAGE_STANDARD = gnu99;
				GCC_DYNAMIC_NO_PIC = NO;
				GCC_NO_COMMON_BLOCKS = YES;
				GCC_OPTIMIZATION_LEVEL = 0;
				GCC_PREPROCESSOR_DEFINITIONS = (
					"DEBUG=1",
					"$(inherited)",
				);
				GCC_WARN_64_TO_32_BIT_CONVERSION = YES;
				GCC_WARN_ABOUT_RETURN_TYPE = YES_ERROR;
				GCC_WARN_UNDECLARED_SELECTOR = YES;
				GCC_WARN_UNINITIALIZED_AUTOS = YES_AGGRESSIVE;
				GCC_WARN_UNUSED_FUNCTION = YES;
				GCC_WARN_UNUSED_VARIABLE = YES;
				IPHONEOS_DEPLOYMENT_TARGET = 10.1;
				MTL_ENABLE_DEBUG_INFO = YES;
				ONLY_ACTIVE_ARCH = YES;
				SDKROOT = iphoneos;
			};
			name = Debug;
		};
		04FB5F721E03845500228FD9 /* Release */ = {
			isa = XCBuildConfiguration;
			buildSettings = {
				ALWAYS_SEARCH_USER_PATHS = NO;
				CLANG_ANALYZER_NONNULL = YES;
				CLANG_CXX_LANGUAGE_STANDARD = "gnu++0x";
				CLANG_CXX_LIBRARY = "libc++";
				CLANG_ENABLE_MODULES = YES;
				CLANG_ENABLE_OBJC_ARC = YES;
				CLANG_WARN_BOOL_CONVERSION = YES;
				CLANG_WARN_CONSTANT_CONVERSION = YES;
				CLANG_WARN_DIRECT_OBJC_ISA_USAGE = YES_ERROR;
				CLANG_WARN_DOCUMENTATION_COMMENTS = YES;
				CLANG_WARN_EMPTY_BODY = YES;
				CLANG_WARN_ENUM_CONVERSION = YES;
				CLANG_WARN_INFINITE_RECURSION = YES;
				CLANG_WARN_INT_CONVERSION = YES;
				CLANG_WARN_OBJC_ROOT_CLASS = YES_ERROR;
				CLANG_WARN_SUSPICIOUS_MOVES = YES;
				CLANG_WARN_UNREACHABLE_CODE = YES;
				CLANG_WARN__DUPLICATE_METHOD_MATCH = YES;
				"CODE_SIGN_IDENTITY[sdk=iphoneos*]" = "iPhone Developer";
				COPY_PHASE_STRIP = NO;
				DEBUG_INFORMATION_FORMAT = "dwarf-with-dsym";
				ENABLE_NS_ASSERTIONS = NO;
				ENABLE_STRICT_OBJC_MSGSEND = YES;
				GCC_C_LANGUAGE_STANDARD = gnu99;
				GCC_NO_COMMON_BLOCKS = YES;
				GCC_WARN_64_TO_32_BIT_CONVERSION = YES;
				GCC_WARN_ABOUT_RETURN_TYPE = YES_ERROR;
				GCC_WARN_UNDECLARED_SELECTOR = YES;
				GCC_WARN_UNINITIALIZED_AUTOS = YES_AGGRESSIVE;
				GCC_WARN_UNUSED_FUNCTION = YES;
				GCC_WARN_UNUSED_VARIABLE = YES;
				IPHONEOS_DEPLOYMENT_TARGET = 10.1;
				MTL_ENABLE_DEBUG_INFO = NO;
				SDKROOT = iphoneos;
				VALIDATE_PRODUCT = YES;
			};
			name = Release;
		};
		04FB5F741E03845500228FD9 /* Debug */ = {
			isa = XCBuildConfiguration;
			buildSettings = {
				ASSETCATALOG_COMPILER_APPICON_NAME = AppIcon;
				DEVELOPMENT_TEAM = V298BW98S4;
				INFOPLIST_FILE = Regular/Info.plist;
				LD_RUNPATH_SEARCH_PATHS = "$(inherited) @executable_path/Frameworks";
				PRODUCT_BUNDLE_IDENTIFIER = com.CYC.Regular;
				PRODUCT_NAME = "$(TARGET_NAME)";
			};
			name = Debug;
		};
		04FB5F751E03845500228FD9 /* Release */ = {
			isa = XCBuildConfiguration;
			buildSettings = {
				ASSETCATALOG_COMPILER_APPICON_NAME = AppIcon;
				DEVELOPMENT_TEAM = V298BW98S4;
				INFOPLIST_FILE = Regular/Info.plist;
				LD_RUNPATH_SEARCH_PATHS = "$(inherited) @executable_path/Frameworks";
				PRODUCT_BUNDLE_IDENTIFIER = com.CYC.Regular;
				PRODUCT_NAME = "$(TARGET_NAME)";
			};
			name = Release;
		};
/* End XCBuildConfiguration section */

/* Begin XCConfigurationList section */
		04FB5F571E03845500228FD9 /* Build configuration list for PBXProject "Regular" */ = {
			isa = XCConfigurationList;
			buildConfigurations = (
				04FB5F711E03845500228FD9 /* Debug */,
				04FB5F721E03845500228FD9 /* Release */,
			);
			defaultConfigurationIsVisible = 0;
			defaultConfigurationName = Release;
		};
		04FB5F731E03845500228FD9 /* Build configuration list for PBXNativeTarget "Regular" */ = {
			isa = XCConfigurationList;
			buildConfigurations = (
				04FB5F741E03845500228FD9 /* Debug */,
				04FB5F751E03845500228FD9 /* Release */,
			);
			defaultConfigurationIsVisible = 0;
			defaultConfigurationName = Release;
		};
/* End XCConfigurationList section */
	};
	rootObject = 04FB5F541E03845500228FD9 /* Project object */;
}
